
Microsoft Visual Studio Solution File, Format Version 12.00
# Visual Studio Version 17
VisualStudioVersion = 17.0.31903.59
MinimumVisualStudioVersion = 10.0.40219.1
Project("{FAE04EC0-301F-11D3-BF4B-00C04F79EFBC}") = "ProductivityHub.Shared", "ProductivityHub.Shared\ProductivityHub.Shared.csproj", "{7AA286EF-35A6-4999-85FF-5B50AA1E34A1}"
EndProject
Project("{FAE04EC0-301F-11D3-BF4B-00C04F79EFBC}") = "ProductivityHub.Maui", "ProductivityHub.Maui\ProductivityHub.Maui.csproj", "{64AEB27C-D6E6-4A2F-8EAC-AEF053118E07}"
EndProject
Project("{FAE04EC0-301F-11D3-BF4B-00C04F79EFBC}") = "ProductivityHub.Web", "ProductivityHub.Web\ProductivityHub.Web.csproj", "{0FBC9926-4D34-455B-AA19-896432491528}"
EndProject
Global
	GlobalSection(SolutionConfigurationPlatforms) = preSolution
		Debug|Any CPU = Debug|Any CPU
		Debug|x64 = Debug|x64
		Debug|x86 = Debug|x86
		Release|Any CPU = Release|Any CPU
		Release|x64 = Release|x64
		Release|x86 = Release|x86
	EndGlobalSection
	GlobalSection(ProjectConfigurationPlatforms) = postSolution
		{7AA286EF-35A6-4999-85FF-5B50AA1E34A1}.Debug|Any CPU.ActiveCfg = Debug|Any CPU
		{7AA286EF-35A6-4999-85FF-5B50AA1E34A1}.Debug|Any CPU.Build.0 = Debug|Any CPU
		{7AA286EF-35A6-4999-85FF-5B50AA1E34A1}.Debug|x64.ActiveCfg = Debug|Any CPU
		{7AA286EF-35A6-4999-85FF-5B50AA1E34A1}.Debug|x64.Build.0 = Debug|Any CPU
		{7AA286EF-35A6-4999-85FF-5B50AA1E34A1}.Debug|x86.ActiveCfg = Debug|Any CPU
		{7AA286EF-35A6-4999-85FF-5B50AA1E34A1}.Debug|x86.Build.0 = Debug|Any CPU
		{7AA286EF-35A6-4999-85FF-5B50AA1E34A1}.Release|Any CPU.ActiveCfg = Release|Any CPU
		{7AA286EF-35A6-4999-85FF-5B50AA1E34A1}.Release|Any CPU.Build.0 = Release|Any CPU
		{7AA286EF-35A6-4999-85FF-5B50AA1E34A1}.Release|x64.ActiveCfg = Release|Any CPU
		{7AA286EF-35A6-4999-85FF-5B50AA1E34A1}.Release|x64.Build.0 = Release|Any CPU
		{7AA286EF-35A6-4999-85FF-5B50AA1E34A1}.Release|x86.ActiveCfg = Release|Any CPU
		{7AA286EF-35A6-4999-85FF-5B50AA1E34A1}.Release|x86.Build.0 = Release|Any CPU
		{64AEB27C-D6E6-4A2F-8EAC-AEF053118E07}.Debug|Any CPU.ActiveCfg = Debug|Any CPU
		{64AEB27C-D6E6-4A2F-8EAC-AEF053118E07}.Debug|Any CPU.Build.0 = Debug|Any CPU
		{64AEB27C-D6E6-4A2F-8EAC-AEF053118E07}.Debug|x64.ActiveCfg = Debug|Any CPU
		{64AEB27C-D6E6-4A2F-8EAC-AEF053118E07}.Debug|x64.Build.0 = Debug|Any CPU
		{64AEB27C-D6E6-4A2F-8EAC-AEF053118E07}.Debug|x86.ActiveCfg = Debug|Any CPU
		{64AEB27C-D6E6-4A2F-8EAC-AEF053118E07}.Debug|x86.Build.0 = Debug|Any CPU
		{64AEB27C-D6E6-4A2F-8EAC-AEF053118E07}.Release|Any CPU.ActiveCfg = Release|Any CPU
		{64AEB27C-D6E6-4A2F-8EAC-AEF053118E07}.Release|Any CPU.Build.0 = Release|Any CPU
		{64AEB27C-D6E6-4A2F-8EAC-AEF053118E07}.Release|x64.ActiveCfg = Release|Any CPU
		{64AEB27C-D6E6-4A2F-8EAC-AEF053118E07}.Release|x64.Build.0 = Release|Any CPU
		{64AEB27C-D6E6-4A2F-8EAC-AEF053118E07}.Release|x86.ActiveCfg = Release|Any CPU
		{64AEB27C-D6E6-4A2F-8EAC-AEF053118E07}.Release|x86.Build.0 = Release|Any CPU
		{0FBC9926-4D34-455B-AA19-896432491528}.Debug|Any CPU.ActiveCfg = Debug|Any CPU
		{0FBC9926-4D34-455B-AA19-896432491528}.Debug|Any CPU.Build.0 = Debug|Any CPU
		{0FBC9926-4D34-455B-AA19-896432491528}.Debug|x64.ActiveCfg = Debug|Any CPU
		{0FBC9926-4D34-455B-AA19-896432491528}.Debug|x64.Build.0 = Debug|Any CPU
		{0FBC9926-4D34-455B-AA19-896432491528}.Debug|x86.ActiveCfg = Debug|Any CPU
		{0FBC9926-4D34-455B-AA19-896432491528}.Debug|x86.Build.0 = Debug|Any CPU
		{0FBC9926-4D34-455B-AA19-896432491528}.Release|Any CPU.ActiveCfg = Release|Any CPU
		{0FBC9926-4D34-455B-AA19-896432491528}.Release|Any CPU.Build.0 = Release|Any CPU
		{0FBC9926-4D34-455B-AA19-896432491528}.Release|x64.ActiveCfg = Release|Any CPU
		{0FBC9926-4D34-455B-AA19-896432491528}.Release|x64.Build.0 = Release|Any CPU
		{0FBC9926-4D34-455B-AA19-896432491528}.Release|x86.ActiveCfg = Release|Any CPU
		{0FBC9926-4D34-455B-AA19-896432491528}.Release|x86.Build.0 = Release|Any CPU
	EndGlobalSection
	GlobalSection(SolutionProperties) = preSolution
		HideSolutionNode = FALSE
	EndGlobalSection
EndGlobal
